
Microsoft Visual Studio Solution File, Format Version 12.00
# Visual Studio 15
VisualStudioVersion = 15.0.26430.12
MinimumVisualStudioVersion = 10.0.40219.1
Project("{FAE04EC0-301F-11D3-BF4B-00C04F79EFBC}") = "HelloWorld.Android", "HelloWorld\HelloWorld.Android\HelloWorld.Android.csproj", "{423B2FB1-97ED-43B6-B4F2-4A62DAADD1C6}"
EndProject
Project("{FAE04EC0-301F-11D3-BF4B-00C04F79EFBC}") = "HelloWorld", "HelloWorld\HelloWorld\HelloWorld.csproj", "{1365756F-AE69-46D6-9999-BB9E90F1576F}"
EndProject
Project("{FAE04EC0-301F-11D3-BF4B-00C04F79EFBC}") = "HelloWorld.UWP", "HelloWorld\HelloWorld.UWP\HelloWorld.UWP.csproj", "{B04D7E52-51CF-4C36-B3EF-33BC5666533A}"
EndProject
Project("{FAE04EC0-301F-11D3-BF4B-00C04F79EFBC}") = "HelloWorld.iOS", "HelloWorld\HelloWorld.iOS\HelloWorld.iOS.csproj", "{11B7A76B-00FD-43D3-9783-FAD9C44D36AD}"
EndProject
Global
	GlobalSection(SolutionConfigurationPlatforms) = preSolution
		Ad-Hoc|Any CPU = Ad-Hoc|Any CPU
		Ad-Hoc|ARM = Ad-Hoc|ARM
		Ad-Hoc|iPhone = Ad-Hoc|iPhone
		Ad-Hoc|iPhoneSimulator = Ad-Hoc|iPhoneSimulator
		Ad-Hoc|x64 = Ad-Hoc|x64
		Ad-Hoc|x86 = Ad-Hoc|x86
		AppStore|Any CPU = AppStore|Any CPU
		AppStore|ARM = AppStore|ARM
		AppStore|iPhone = AppStore|iPhone
		AppStore|iPhoneSimulator = AppStore|iPhoneSimulator
		AppStore|x64 = AppStore|x64
		AppStore|x86 = AppStore|x86
		Debug|Any CPU = Debug|Any CPU
		Debug|ARM = Debug|ARM
		Debug|iPhone = Debug|iPhone
		Debug|iPhoneSimulator = Debug|iPhoneSimulator
		Debug|x64 = Debug|x64
		Debug|x86 = Debug|x86
		Release|Any CPU = Release|Any CPU
		Release|ARM = Release|ARM
		Release|iPhone = Release|iPhone
		Release|iPhoneSimulator = Release|iPhoneSimulator
		Release|x64 = Release|x64
		Release|x86 = Release|x86
	EndGlobalSection
	GlobalSection(ProjectConfigurationPlatforms) = postSolution
		{423B2FB1-97ED-43B6-B4F2-4A62DAADD1C6}.Ad-Hoc|Any CPU.ActiveCfg = Release|Any CPU
		{423B2FB1-97ED-43B6-B4F2-4A62DAADD1C6}.Ad-Hoc|Any CPU.Build.0 = Release|Any CPU
		{423B2FB1-97ED-43B6-B4F2-4A62DAADD1C6}.Ad-Hoc|Any CPU.Deploy.0 = Release|Any CPU
		{423B2FB1-97ED-43B6-B4F2-4A62DAADD1C6}.Ad-Hoc|ARM.ActiveCfg = Release|Any CPU
		{423B2FB1-97ED-43B6-B4F2-4A62DAADD1C6}.Ad-Hoc|ARM.Build.0 = Release|Any CPU
		{423B2FB1-97ED-43B6-B4F2-4A62DAADD1C6}.Ad-Hoc|ARM.Deploy.0 = Release|Any CPU
		{423B2FB1-97ED-43B6-B4F2-4A62DAADD1C6}.Ad-Hoc|iPhone.ActiveCfg = Release|Any CPU
		{423B2FB1-97ED-43B6-B4F2-4A62DAADD1C6}.Ad-Hoc|iPhone.Build.0 = Release|Any CPU
		{423B2FB1-97ED-43B6-B4F2-4A62DAADD1C6}.Ad-Hoc|iPhone.Deploy.0 = Release|Any CPU
		{423B2FB1-97ED-43B6-B4F2-4A62DAADD1C6}.Ad-Hoc|iPhoneSimulator.ActiveCfg = Release|Any CPU
		{423B2FB1-97ED-43B6-B4F2-4A62DAADD1C6}.Ad-Hoc|iPhoneSimulator.Build.0 = Release|Any CPU
		{423B2FB1-97ED-43B6-B4F2-4A62DAADD1C6}.Ad-Hoc|iPhoneSimulator.Deploy.0 = Release|Any CPU
		{423B2FB1-97ED-43B6-B4F2-4A62DAADD1C6}.Ad-Hoc|x64.ActiveCfg = Release|Any CPU
		{423B2FB1-97ED-43B6-B4F2-4A62DAADD1C6}.Ad-Hoc|x64.Build.0 = Release|Any CPU
		{423B2FB1-97ED-43B6-B4F2-4A62DAADD1C6}.Ad-Hoc|x64.Deploy.0 = Release|Any CPU
		{423B2FB1-97ED-43B6-B4F2-4A62DAADD1C6}.Ad-Hoc|x86.ActiveCfg = Release|Any CPU
		{423B2FB1-97ED-43B6-B4F2-4A62DAADD1C6}.Ad-Hoc|x86.Build.0 = Release|Any CPU
		{423B2FB1-97ED-43B6-B4F2-4A62DAADD1C6}.Ad-Hoc|x86.Deploy.0 = Release|Any CPU
		{423B2FB1-97ED-43B6-B4F2-4A62DAADD1C6}.AppStore|Any CPU.ActiveCfg = Release|Any CPU
		{423B2FB1-97ED-43B6-B4F2-4A62DAADD1C6}.AppStore|Any CPU.Build.0 = Release|Any CPU
		{423B2FB1-97ED-43B6-B4F2-4A62DAADD1C6}.AppStore|Any CPU.Deploy.0 = Release|Any CPU
		{423B2FB1-97ED-43B6-B4F2-4A62DAADD1C6}.AppStore|ARM.ActiveCfg = Release|Any CPU
		{423B2FB1-97ED-43B6-B4F2-4A62DAADD1C6}.AppStore|ARM.Build.0 = Release|Any CPU
		{423B2FB1-97ED-43B6-B4F2-4A62DAADD1C6}.AppStore|ARM.Deploy.0 = Release|Any CPU
		{423B2FB1-97ED-43B6-B4F2-4A62DAADD1C6}.AppStore|iPhone.ActiveCfg = Release|Any CPU
		{423B2FB1-97ED-43B6-B4F2-4A62DAADD1C6}.AppStore|iPhone.Build.0 = Release|Any CPU
		{423B2FB1-97ED-43B6-B4F2-4A62DAADD1C6}.AppStore|iPhone.Deploy.0 = Release|Any CPU
		{423B2FB1-97ED-43B6-B4F2-4A62DAADD1C6}.AppStore|iPhoneSimulator.ActiveCfg = Release|Any CPU
		{423B2FB1-97ED-43B6-B4F2-4A62DAADD1C6}.AppStore|iPhoneSimulator.Build.0 = Release|Any CPU
		{423B2FB1-97ED-43B6-B4F2-4A62DAADD1C6}.AppStore|iPhoneSimulator.Deploy.0 = Release|Any CPU
		{423B2FB1-97ED-43B6-B4F2-4A62DAADD1C6}.AppStore|x64.ActiveCfg = Release|Any CPU
		{423B2FB1-97ED-43B6-B4F2-4A62DAADD1C6}.AppStore|x64.Build.0 = Release|Any CPU
		{423B2FB1-97ED-43B6-B4F2-4A62DAADD1C6}.AppStore|x64.Deploy.0 = Release|Any CPU
		{423B2FB1-97ED-43B6-B4F2-4A62DAADD1C6}.AppStore|x86.ActiveCfg = Release|Any CPU
		{423B2FB1-97ED-43B6-B4F2-4A62DAADD1C6}.AppStore|x86.Build.0 = Release|Any CPU
		{423B2FB1-97ED-43B6-B4F2-4A62DAADD1C6}.AppStore|x86.Deploy.0 = Release|Any CPU
		{423B2FB1-97ED-43B6-B4F2-4A62DAADD1C6}.Debug|Any CPU.ActiveCfg = Debug|Any CPU
		{423B2FB1-97ED-43B6-B4F2-4A62DAADD1C6}.Debug|Any CPU.Build.0 = Debug|Any CPU
		{423B2FB1-97ED-43B6-B4F2-4A62DAADD1C6}.Debug|Any CPU.Deploy.0 = Debug|Any CPU
		{423B2FB1-97ED-43B6-B4F2-4A62DAADD1C6}.Debug|ARM.ActiveCfg = Debug|Any CPU
		{423B2FB1-97ED-43B6-B4F2-4A62DAADD1C6}.Debug|ARM.Build.0 = Debug|Any CPU
		{423B2FB1-97ED-43B6-B4F2-4A62DAADD1C6}.Debug|ARM.Deploy.0 = Debug|Any CPU
		{423B2FB1-97ED-43B6-B4F2-4A62DAADD1C6}.Debug|iPhone.ActiveCfg = Debug|Any CPU
		{423B2FB1-97ED-43B6-B4F2-4A62DAADD1C6}.Debug|iPhone.Build.0 = Debug|Any CPU
		{423B2FB1-97ED-43B6-B4F2-4A62DAADD1C6}.Debug|iPhone.Deploy.0 = Debug|Any CPU
		{423B2FB1-97ED-43B6-B4F2-4A62DAADD1C6}.Debug|iPhoneSimulator.ActiveCfg = Debug|Any CPU
		{423B2FB1-97ED-43B6-B4F2-4A62DAADD1C6}.Debug|iPhoneSimulator.Build.0 = Debug|Any CPU
		{423B2FB1-97ED-43B6-B4F2-4A62DAADD1C6}.Debug|iPhoneSimulator.Deploy.0 = Debug|Any CPU
		{423B2FB1-97ED-43B6-B4F2-4A62DAADD1C6}.Debug|x64.ActiveCfg = Debug|Any CPU
		{423B2FB1-97ED-43B6-B4F2-4A62DAADD1C6}.Debug|x64.Build.0 = Debug|Any CPU
		{423B2FB1-97ED-43B6-B4F2-4A62DAADD1C6}.Debug|x64.Deploy.0 = Debug|Any CPU
		{423B2FB1-97ED-43B6-B4F2-4A62DAADD1C6}.Debug|x86.ActiveCfg = Debug|Any CPU
		{423B2FB1-97ED-43B6-B4F2-4A62DAADD1C6}.Debug|x86.Build.0 = Debug|Any CPU
		{423B2FB1-97ED-43B6-B4F2-4A62DAADD1C6}.Debug|x86.Deploy.0 = Debug|Any CPU
		{423B2FB1-97ED-43B6-B4F2-4A62DAADD1C6}.Release|Any CPU.ActiveCfg = Release|Any CPU
		{423B2FB1-97ED-43B6-B4F2-4A62DAADD1C6}.Release|Any CPU.Build.0 = Release|Any CPU
		{423B2FB1-97ED-43B6-B4F2-4A62DAADD1C6}.Release|Any CPU.Deploy.0 = Release|Any CPU
		{423B2FB1-97ED-43B6-B4F2-4A62DAADD1C6}.Release|ARM.ActiveCfg = Release|Any CPU
		{423B2FB1-97ED-43B6-B4F2-4A62DAADD1C6}.Release|ARM.Build.0 = Release|Any CPU
		{423B2FB1-97ED-43B6-B4F2-4A62DAADD1C6}.Release|ARM.Deploy.0 = Release|Any CPU
		{423B2FB1-97ED-43B6-B4F2-4A62DAADD1C6}.Release|iPhone.ActiveCfg = Release|Any CPU
		{423B2FB1-97ED-43B6-B4F2-4A62DAADD1C6}.Release|iPhone.Build.0 = Release|Any CPU
		{423B2FB1-97ED-43B6-B4F2-4A62DAADD1C6}.Release|iPhone.Deploy.0 = Release|Any CPU
		{423B2FB1-97ED-43B6-B4F2-4A62DAADD1C6}.Release|iPhoneSimulator.ActiveCfg = Release|Any CPU
		{423B2FB1-97ED-43B6-B4F2-4A62DAADD1C6}.Release|iPhoneSimulator.Build.0 = Release|Any CPU
		{423B2FB1-97ED-43B6-B4F2-4A62DAADD1C6}.Release|iPhoneSimulator.Deploy.0 = Release|Any CPU
		{423B2FB1-97ED-43B6-B4F2-4A62DAADD1C6}.Release|x64.ActiveCfg = Release|Any CPU
		{423B2FB1-97ED-43B6-B4F2-4A62DAADD1C6}.Release|x64.Build.0 = Release|Any CPU
		{423B2FB1-97ED-43B6-B4F2-4A62DAADD1C6}.Release|x64.Deploy.0 = Release|Any CPU
		{423B2FB1-97ED-43B6-B4F2-4A62DAADD1C6}.Release|x86.ActiveCfg = Release|Any CPU
		{423B2FB1-97ED-43B6-B4F2-4A62DAADD1C6}.Release|x86.Build.0 = Release|Any CPU
		{423B2FB1-97ED-43B6-B4F2-4A62DAADD1C6}.Release|x86.Deploy.0 = Release|Any CPU
		{1365756F-AE69-46D6-9999-BB9E90F1576F}.Ad-Hoc|Any CPU.ActiveCfg = Release|Any CPU
		{1365756F-AE69-46D6-9999-BB9E90F1576F}.Ad-Hoc|Any CPU.Build.0 = Release|Any CPU
		{1365756F-AE69-46D6-9999-BB9E90F1576F}.Ad-Hoc|ARM.ActiveCfg = Release|Any CPU
		{1365756F-AE69-46D6-9999-BB9E90F1576F}.Ad-Hoc|ARM.Build.0 = Release|Any CPU
		{1365756F-AE69-46D6-9999-BB9E90F1576F}.Ad-Hoc|iPhone.ActiveCfg = Release|Any CPU
		{1365756F-AE69-46D6-9999-BB9E90F1576F}.Ad-Hoc|iPhone.Build.0 = Release|Any CPU
		{1365756F-AE69-46D6-9999-BB9E90F1576F}.Ad-Hoc|iPhoneSimulator.ActiveCfg = Release|Any CPU
		{1365756F-AE69-46D6-9999-BB9E90F1576F}.Ad-Hoc|iPhoneSimulator.Build.0 = Release|Any CPU
		{1365756F-AE69-46D6-9999-BB9E90F1576F}.Ad-Hoc|x64.ActiveCfg = Release|Any CPU
		{1365756F-AE69-46D6-9999-BB9E90F1576F}.Ad-Hoc|x64.Build.0 = Release|Any CPU
		{1365756F-AE69-46D6-9999-BB9E90F1576F}.Ad-Hoc|x86.ActiveCfg = Release|Any CPU
		{1365756F-AE69-46D6-9999-BB9E90F1576F}.Ad-Hoc|x86.Build.0 = Release|Any CPU
		{1365756F-AE69-46D6-9999-BB9E90F1576F}.AppStore|Any CPU.ActiveCfg = Release|Any CPU
		{1365756F-AE69-46D6-9999-BB9E90F1576F}.AppStore|Any CPU.Build.0 = Release|Any CPU
		{1365756F-AE69-46D6-9999-BB9E90F1576F}.AppStore|ARM.ActiveCfg = Release|Any CPU
		{1365756F-AE69-46D6-9999-BB9E90F1576F}.AppStore|ARM.Build.0 = Release|Any CPU
		{1365756F-AE69-46D6-9999-BB9E90F1576F}.AppStore|iPhone.ActiveCfg = Release|Any CPU
		{1365756F-AE69-46D6-9999-BB9E90F1576F}.AppStore|iPhone.Build.0 = Release|Any CPU
		{1365756F-AE69-46D6-9999-BB9E90F1576F}.AppStore|iPhoneSimulator.ActiveCfg = Release|Any CPU
		{1365756F-AE69-46D6-9999-BB9E90F1576F}.AppStore|iPhoneSimulator.Build.0 = Release|Any CPU
		{1365756F-AE69-46D6-9999-BB9E90F1576F}.AppStore|x64.ActiveCfg = Release|Any CPU
		{1365756F-AE69-46D6-9999-BB9E90F1576F}.AppStore|x64.Build.0 = Release|Any CPU
		{1365756F-AE69-46D6-9999-BB9E90F1576F}.AppStore|x86.ActiveCfg = Release|Any CPU
		{1365756F-AE69-46D6-9999-BB9E90F1576F}.AppStore|x86.Build.0 = Release|Any CPU
		{1365756F-AE69-46D6-9999-BB9E90F1576F}.Debug|Any CPU.ActiveCfg = Debug|Any CPU
		{1365756F-AE69-46D6-9999-BB9E90F1576F}.Debug|Any CPU.Build.0 = Debug|Any CPU
		{1365756F-AE69-46D6-9999-BB9E90F1576F}.Debug|ARM.ActiveCfg = Debug|Any CPU
		{1365756F-AE69-46D6-9999-BB9E90F1576F}.Debug|ARM.Build.0 = Debug|Any CPU
		{1365756F-AE69-46D6-9999-BB9E90F1576F}.Debug|iPhone.ActiveCfg = Debug|Any CPU
		{1365756F-AE69-46D6-9999-BB9E90F1576F}.Debug|iPhone.Build.0 = Debug|Any CPU
		{1365756F-AE69-46D6-9999-BB9E90F1576F}.Debug|iPhoneSimulator.ActiveCfg = Debug|Any CPU
		{1365756F-AE69-46D6-9999-BB9E90F1576F}.Debug|iPhoneSimulator.Build.0 = Debug|Any CPU
		{1365756F-AE69-46D6-9999-BB9E90F1576F}.Debug|x64.ActiveCfg = Debug|Any CPU
		{1365756F-AE69-46D6-9999-BB9E90F1576F}.Debug|x64.Build.0 = Debug|Any CPU
		{1365756F-AE69-46D6-9999-BB9E90F1576F}.Debug|x86.ActiveCfg = Debug|Any CPU
		{1365756F-AE69-46D6-9999-BB9E90F1576F}.Debug|x86.Build.0 = Debug|Any CPU
		{1365756F-AE69-46D6-9999-BB9E90F1576F}.Release|Any CPU.ActiveCfg = Release|Any CPU
		{1365756F-AE69-46D6-9999-BB9E90F1576F}.Release|Any CPU.Build.0 = Release|Any CPU
		{1365756F-AE69-46D6-9999-BB9E90F1576F}.Release|ARM.ActiveCfg = Release|Any CPU
		{1365756F-AE69-46D6-9999-BB9E90F1576F}.Release|ARM.Build.0 = Release|Any CPU
		{1365756F-AE69-46D6-9999-BB9E90F1576F}.Release|iPhone.ActiveCfg = Release|Any CPU
		{1365756F-AE69-46D6-9999-BB9E90F1576F}.Release|iPhone.Build.0 = Release|Any CPU
		{1365756F-AE69-46D6-9999-BB9E90F1576F}.Release|iPhoneSimulator.ActiveCfg = Release|Any CPU
		{1365756F-AE69-46D6-9999-BB9E90F1576F}.Release|iPhoneSimulator.Build.0 = Release|Any CPU
		{1365756F-AE69-46D6-9999-BB9E90F1576F}.Release|x64.ActiveCfg = Release|Any CPU
		{1365756F-AE69-46D6-9999-BB9E90F1576F}.Release|x64.Build.0 = Release|Any CPU
		{1365756F-AE69-46D6-9999-BB9E90F1576F}.Release|x86.ActiveCfg = Release|Any CPU
		{1365756F-AE69-46D6-9999-BB9E90F1576F}.Release|x86.Build.0 = Release|Any CPU
		{B04D7E52-51CF-4C36-B3EF-33BC5666533A}.Ad-Hoc|Any CPU.ActiveCfg = Release|x86
		{B04D7E52-51CF-4C36-B3EF-33BC5666533A}.Ad-Hoc|Any CPU.Build.0 = Release|x86
		{B04D7E52-51CF-4C36-B3EF-33BC5666533A}.Ad-Hoc|Any CPU.Deploy.0 = Release|x86
		{B04D7E52-51CF-4C36-B3EF-33BC5666533A}.Ad-Hoc|ARM.ActiveCfg = Release|ARM
		{B04D7E52-51CF-4C36-B3EF-33BC5666533A}.Ad-Hoc|ARM.Build.0 = Release|ARM
		{B04D7E52-51CF-4C36-B3EF-33BC5666533A}.Ad-Hoc|ARM.Deploy.0 = Release|ARM
		{B04D7E52-51CF-4C36-B3EF-33BC5666533A}.Ad-Hoc|iPhone.ActiveCfg = Release|x86
		{B04D7E52-51CF-4C36-B3EF-33BC5666533A}.Ad-Hoc|iPhone.Build.0 = Release|x86
		{B04D7E52-51CF-4C36-B3EF-33BC5666533A}.Ad-Hoc|iPhone.Deploy.0 = Release|x86
		{B04D7E52-51CF-4C36-B3EF-33BC5666533A}.Ad-Hoc|iPhoneSimulator.ActiveCfg = Release|x86
		{B04D7E52-51CF-4C36-B3EF-33BC5666533A}.Ad-Hoc|iPhoneSimulator.Build.0 = Release|x86
		{B04D7E52-51CF-4C36-B3EF-33BC5666533A}.Ad-Hoc|iPhoneSimulator.Deploy.0 = Release|x86
		{B04D7E52-51CF-4C36-B3EF-33BC5666533A}.Ad-Hoc|x64.ActiveCfg = Release|x64
		{B04D7E52-51CF-4C36-B3EF-33BC5666533A}.Ad-Hoc|x64.Build.0 = Release|x64
		{B04D7E52-51CF-4C36-B3EF-33BC5666533A}.Ad-Hoc|x64.Deploy.0 = Release|x64
		{B04D7E52-51CF-4C36-B3EF-33BC5666533A}.Ad-Hoc|x86.ActiveCfg = Release|x86
		{B04D7E52-51CF-4C36-B3EF-33BC5666533A}.Ad-Hoc|x86.Build.0 = Release|x86
		{B04D7E52-51CF-4C36-B3EF-33BC5666533A}.Ad-Hoc|x86.Deploy.0 = Release|x86
		{B04D7E52-51CF-4C36-B3EF-33BC5666533A}.AppStore|Any CPU.ActiveCfg = Release|x86
		{B04D7E52-51CF-4C36-B3EF-33BC5666533A}.AppStore|Any CPU.Build.0 = Release|x86
		{B04D7E52-51CF-4C36-B3EF-33BC5666533A}.AppStore|Any CPU.Deploy.0 = Release|x86
		{B04D7E52-51CF-4C36-B3EF-33BC5666533A}.AppStore|ARM.ActiveCfg = Release|ARM
		{B04D7E52-51CF-4C36-B3EF-33BC5666533A}.AppStore|ARM.Build.0 = Release|ARM
		{B04D7E52-51CF-4C36-B3EF-33BC5666533A}.AppStore|ARM.Deploy.0 = Release|ARM
		{B04D7E52-51CF-4C36-B3EF-33BC5666533A}.AppStore|iPhone.ActiveCfg = Release|x86
		{B04D7E52-51CF-4C36-B3EF-33BC5666533A}.AppStore|iPhone.Build.0 = Release|x86
		{B04D7E52-51CF-4C36-B3EF-33BC5666533A}.AppStore|iPhone.Deploy.0 = Release|x86
		{B04D7E52-51CF-4C36-B3EF-33BC5666533A}.AppStore|iPhoneSimulator.ActiveCfg = Release|x86
		{B04D7E52-51CF-4C36-B3EF-33BC5666533A}.AppStore|iPhoneSimulator.Build.0 = Release|x86
		{B04D7E52-51CF-4C36-B3EF-33BC5666533A}.AppStore|iPhoneSimulator.Deploy.0 = Release|x86
		{B04D7E52-51CF-4C36-B3EF-33BC5666533A}.AppStore|x64.ActiveCfg = Release|x64
		{B04D7E52-51CF-4C36-B3EF-33BC5666533A}.AppStore|x64.Build.0 = Release|x64
		{B04D7E52-51CF-4C36-B3EF-33BC5666533A}.AppStore|x64.Deploy.0 = Release|x64
		{B04D7E52-51CF-4C36-B3EF-33BC5666533A}.AppStore|x86.ActiveCfg = Release|x86
		{B04D7E52-51CF-4C36-B3EF-33BC5666533A}.AppStore|x86.Build.0 = Release|x86
		{B04D7E52-51CF-4C36-B3EF-33BC5666533A}.AppStore|x86.Deploy.0 = Release|x86
		{B04D7E52-51CF-4C36-B3EF-33BC5666533A}.Debug|Any CPU.ActiveCfg = Debug|x86
		{B04D7E52-51CF-4C36-B3EF-33BC5666533A}.Debug|ARM.ActiveCfg = Debug|ARM
		{B04D7E52-51CF-4C36-B3EF-33BC5666533A}.Debug|ARM.Build.0 = Debug|ARM
		{B04D7E52-51CF-4C36-B3EF-33BC5666533A}.Debug|ARM.Deploy.0 = Debug|ARM
		{B04D7E52-51CF-4C36-B3EF-33BC5666533A}.Debug|iPhone.ActiveCfg = Debug|x86
		{B04D7E52-51CF-4C36-B3EF-33BC5666533A}.Debug|iPhoneSimulator.ActiveCfg = Debug|x86
		{B04D7E52-51CF-4C36-B3EF-33BC5666533A}.Debug|x64.ActiveCfg = Debug|x64
		{B04D7E52-51CF-4C36-B3EF-33BC5666533A}.Debug|x64.Build.0 = Debug|x64
		{B04D7E52-51CF-4C36-B3EF-33BC5666533A}.Debug|x64.Deploy.0 = Debug|x64
		{B04D7E52-51CF-4C36-B3EF-33BC5666533A}.Debug|x86.ActiveCfg = Debug|x86
		{B04D7E52-51CF-4C36-B3EF-33BC5666533A}.Debug|x86.Build.0 = Debug|x86
		{B04D7E52-51CF-4C36-B3EF-33BC5666533A}.Debug|x86.Deploy.0 = Debug|x86
		{B04D7E52-51CF-4C36-B3EF-33BC5666533A}.Release|Any CPU.ActiveCfg = Release|x86
		{B04D7E52-51CF-4C36-B3EF-33BC5666533A}.Release|ARM.ActiveCfg = Release|ARM
		{B04D7E52-51CF-4C36-B3EF-33BC5666533A}.Release|ARM.Build.0 = Release|ARM
		{B04D7E52-51CF-4C36-B3EF-33BC5666533A}.Release|ARM.Deploy.0 = Release|ARM
		{B04D7E52-51CF-4C36-B3EF-33BC5666533A}.Release|iPhone.ActiveCfg = Release|x86
		{B04D7E52-51CF-4C36-B3EF-33BC5666533A}.Release|iPhoneSimulator.ActiveCfg = Release|x86
		{B04D7E52-51CF-4C36-B3EF-33BC5666533A}.Release|x64.ActiveCfg = Release|x64
		{B04D7E52-51CF-4C36-B3EF-33BC5666533A}.Release|x64.Build.0 = Release|x64
		{B04D7E52-51CF-4C36-B3EF-33BC5666533A}.Release|x64.Deploy.0 = Release|x64
		{B04D7E52-51CF-4C36-B3EF-33BC5666533A}.Release|x86.ActiveCfg = Release|x86
		{B04D7E52-51CF-4C36-B3EF-33BC5666533A}.Release|x86.Build.0 = Release|x86
		{B04D7E52-51CF-4C36-B3EF-33BC5666533A}.Release|x86.Deploy.0 = Release|x86
		{11B7A76B-00FD-43D3-9783-FAD9C44D36AD}.Ad-Hoc|Any CPU.ActiveCfg = Ad-Hoc|iPhone
		{11B7A76B-00FD-43D3-9783-FAD9C44D36AD}.Ad-Hoc|ARM.ActiveCfg = Ad-Hoc|iPhone
		{11B7A76B-00FD-43D3-9783-FAD9C44D36AD}.Ad-Hoc|iPhone.ActiveCfg = Ad-Hoc|iPhone
		{11B7A76B-00FD-43D3-9783-FAD9C44D36AD}.Ad-Hoc|iPhone.Build.0 = Ad-Hoc|iPhone
		{11B7A76B-00FD-43D3-9783-FAD9C44D36AD}.Ad-Hoc|iPhoneSimulator.ActiveCfg = Ad-Hoc|iPhoneSimulator
		{11B7A76B-00FD-43D3-9783-FAD9C44D36AD}.Ad-Hoc|iPhoneSimulator.Build.0 = Ad-Hoc|iPhoneSimulator
		{11B7A76B-00FD-43D3-9783-FAD9C44D36AD}.Ad-Hoc|x64.ActiveCfg = Ad-Hoc|iPhone
		{11B7A76B-00FD-43D3-9783-FAD9C44D36AD}.Ad-Hoc|x86.ActiveCfg = Ad-Hoc|iPhone
		{11B7A76B-00FD-43D3-9783-FAD9C44D36AD}.AppStore|Any CPU.ActiveCfg = AppStore|iPhone
		{11B7A76B-00FD-43D3-9783-FAD9C44D36AD}.AppStore|ARM.ActiveCfg = AppStore|iPhone
		{11B7A76B-00FD-43D3-9783-FAD9C44D36AD}.AppStore|iPhone.ActiveCfg = AppStore|iPhone
		{11B7A76B-00FD-43D3-9783-FAD9C44D36AD}.AppStore|iPhone.Build.0 = AppStore|iPhone
		{11B7A76B-00FD-43D3-9783-FAD9C44D36AD}.AppStore|iPhoneSimulator.ActiveCfg = AppStore|iPhoneSimulator
		{11B7A76B-00FD-43D3-9783-FAD9C44D36AD}.AppStore|iPhoneSimulator.Build.0 = AppStore|iPhoneSimulator
		{11B7A76B-00FD-43D3-9783-FAD9C44D36AD}.AppStore|x64.ActiveCfg = AppStore|iPhone
		{11B7A76B-00FD-43D3-9783-FAD9C44D36AD}.AppStore|x86.ActiveCfg = AppStore|iPhone
		{11B7A76B-00FD-43D3-9783-FAD9C44D36AD}.Debug|Any CPU.ActiveCfg = Debug|iPhone
		{11B7A76B-00FD-43D3-9783-FAD9C44D36AD}.Debug|ARM.ActiveCfg = Debug|iPhone
		{11B7A76B-00FD-43D3-9783-FAD9C44D36AD}.Debug|iPhone.ActiveCfg = Debug|iPhone
		{11B7A76B-00FD-43D3-9783-FAD9C44D36AD}.Debug|iPhone.Build.0 = Debug|iPhone
		{11B7A76B-00FD-43D3-9783-FAD9C44D36AD}.Debug|iPhoneSimulator.ActiveCfg = Debug|iPhoneSimulator
		{11B7A76B-00FD-43D3-9783-FAD9C44D36AD}.Debug|iPhoneSimulator.Build.0 = Debug|iPhoneSimulator
		{11B7A76B-00FD-43D3-9783-FAD9C44D36AD}.Debug|x64.ActiveCfg = Debug|iPhone
		{11B7A76B-00FD-43D3-9783-FAD9C44D36AD}.Debug|x86.ActiveCfg = Debug|iPhone
		{11B7A76B-00FD-43D3-9783-FAD9C44D36AD}.Release|Any CPU.ActiveCfg = Release|iPhone
		{11B7A76B-00FD-43D3-9783-FAD9C44D36AD}.Release|ARM.ActiveCfg = Release|iPhone
		{11B7A76B-00FD-43D3-9783-FAD9C44D36AD}.Release|iPhone.ActiveCfg = Release|iPhone
		{11B7A76B-00FD-43D3-9783-FAD9C44D36AD}.Release|iPhone.Build.0 = Release|iPhone
		{11B7A76B-00FD-43D3-9783-FAD9C44D36AD}.Release|iPhoneSimulator.ActiveCfg = Release|iPhoneSimulator
		{11B7A76B-00FD-43D3-9783-FAD9C44D36AD}.Release|iPhoneSimulator.Build.0 = Release|iPhoneSimulator
		{11B7A76B-00FD-43D3-9783-FAD9C44D36AD}.Release|x64.ActiveCfg = Release|iPhone
		{11B7A76B-00FD-43D3-9783-FAD9C44D36AD}.Release|x86.ActiveCfg = Release|iPhone
	EndGlobalSection
	GlobalSection(SolutionProperties) = preSolution
		HideSolutionNode = FALSE
	EndGlobalSection
EndGlobal
